// !$*UTF8*$!
{
	archiveVersion = 1;
	classes = {
	};
	objectVersion = 46;
	objects = {

/* Begin PBXBuildFile section */
		25FFB47719CE2E0700D76AC2 /* AppDelegate.swift in Sources */ = {isa = PBXBuildFile; fileRef = 25FFB47619CE2E0700D76AC2 /* AppDelegate.swift */; };
		25FFB47919CE2E0700D76AC2 /* ViewController.swift in Sources */ = {isa = PBXBuildFile; fileRef = 25FFB47819CE2E0700D76AC2 /* ViewController.swift */; };
		25FFB47C19CE2E0700D76AC2 /* Main.storyboard in Resources */ = {isa = PBXBuildFile; fileRef = 25FFB47A19CE2E0700D76AC2 /* Main.storyboard */; };
		25FFB47E19CE2E0700D76AC2 /* Images.xcassets in Resources */ = {isa = PBXBuildFile; fileRef = 25FFB47D19CE2E0700D76AC2 /* Images.xcassets */; };
		25FFB48119CE2E0700D76AC2 /* LaunchScreen.xib in Resources */ = {isa = PBXBuildFile; fileRef = 25FFB47F19CE2E0700D76AC2 /* LaunchScreen.xib */; };
		25FFB48D19CE2E0700D76AC2 /* PostcardTests.swift in Sources */ = {isa = PBXBuildFile; fileRef = 25FFB48C19CE2E0700D76AC2 /* PostcardTests.swift */; };
/* End PBXBuildFile section */

/* Begin PBXContainerItemProxy section */
		25FFB48719CE2E0700D76AC2 /* PBXContainerItemProxy */ = {
			isa = PBXContainerItemProxy;
			containerPortal = 25FFB46919CE2E0700D76AC2 /* Project object */;
			proxyType = 1;
			remoteGlobalIDString = 25FFB47019CE2E0700D76AC2;
			remoteInfo = Postcard;
		};
/* End PBXContainerItemProxy section */

/* Begin PBXFileReference section */
		25FFB47119CE2E0700D76AC2 /* Postcard.app */ = {isa = PBXFileReference; explicitFileType = wrapper.application; includeInIndex = 0; path = Postcard.app; sourceTree = BUILT_PRODUCTS_DIR; };
		25FFB47519CE2E0700D76AC2 /* Info.plist */ = {isa = PBXFileReference; lastKnownFileType = text.plist.xml; path = Info.plist; sourceTree = "<group>"; };
		25FFB47619CE2E0700D76AC2 /* AppDelegate.swift */ = {isa = PBXFileReference; lastKnownFileType = sourcecode.swift; path = AppDelegate.swift; sourceTree = "<group>"; };
		25FFB47819CE2E0700D76AC2 /* ViewController.swift */ = {isa = PBXFileReference; lastKnownFileType = sourcecode.swift; path = ViewController.swift; sourceTree = "<group>"; };
		25FFB47B19CE2E0700D76AC2 /* Base */ = {isa = PBXFileReference; lastKnownFileType = file.storyboard; name = Base; path = Base.lproj/Main.storyboard; sourceTree = "<group>"; };
		25FFB47D19CE2E0700D76AC2 /* Images.xcassets */ = {isa = PBXFileReference; lastKnownFileType = folder.assetcatalog; path = Images.xcassets; sourceTree = "<group>"; };
		25FFB48019CE2E0700D76AC2 /* Base */ = {isa = PBXFileReference; lastKnownFileType = file.xib; name = Base; path = Base.lproj/LaunchScreen.xib; sourceTree = "<group>"; };
		25FFB48619CE2E0700D76AC2 /* PostcardTests.xctest */ = {isa = PBXFileReference; explicitFileType = wrapper.cfbundle; includeInIndex = 0; path = PostcardTests.xctest; sourceTree = BUILT_PRODUCTS_DIR; };
		25FFB48B19CE2E0700D76AC2 /* Info.plist */ = {isa = PBXFileReference; lastKnownFileType = text.plist.xml; path = Info.plist; sourceTree = "<group>"; };
		25FFB48C19CE2E0700D76AC2 /* PostcardTests.swift */ = {isa = PBXFileReference; lastKnownFileType = sourcecode.swift; path = PostcardTests.swift; sourceTree = "<group>"; };
/* End PBXFileReference section */

/* Begin PBXFrameworksBuildPhase section */
		25FFB46E19CE2E0700D76AC2 /* Frameworks */ = {
			isa = PBXFrameworksBuildPhase;
			buildActionMask = 2147483647;
			files = (
			);
			runOnlyForDeploymentPostprocessing = 0;
		};
		25FFB48319CE2E0700D76AC2 /* Frameworks */ = {
			isa = PBXFrameworksBuildPhase;
			buildActionMask = 2147483647;
			files = (
			);
			runOnlyForDeploymentPostprocessing = 0;
		};
/* End PBXFrameworksBuildPhase section */

/* Begin PBXGroup section */
		25FFB46819CE2E0700D76AC2 = {
			isa = PBXGroup;
			children = (
				25FFB47319CE2E0700D76AC2 /* Postcard */,
				25FFB48919CE2E0700D76AC2 /* PostcardTests */,
				25FFB47219CE2E0700D76AC2 /* Products */,
			);
			sourceTree = "<group>";
		};
		25FFB47219CE2E0700D76AC2 /* Products */ = {
			isa = PBXGroup;
			children = (
				25FFB47119CE2E0700D76AC2 /* Postcard.app */,
				25FFB48619CE2E0700D76AC2 /* PostcardTests.xctest */,
			);
			name = Products;
			sourceTree = "<group>";
		};
		25FFB47319CE2E0700D76AC2 /* Postcard */ = {
			isa = PBXGroup;
			children = (
				25FFB47619CE2E0700D76AC2 /* AppDelegate.swift */,
				25FFB47819CE2E0700D76AC2 /* ViewController.swift */,
				25FFB47A19CE2E0700D76AC2 /* Main.storyboard */,
				25FFB47D19CE2E0700D76AC2 /* Images.xcassets */,
				25FFB47F19CE2E0700D76AC2 /* LaunchScreen.xib */,
				25FFB47419CE2E0700D76AC2 /* Supporting Files */,
			);
			path = Postcard;
			sourceTree = "<group>";
		};
		25FFB47419CE2E0700D76AC2 /* Supporting Files */ = {
			isa = PBXGroup;
			children = (
				25FFB47519CE2E0700D76AC2 /* Info.plist */,
			);
			name = "Supporting Files";
			sourceTree = "<group>";
		};
		25FFB48919CE2E0700D76AC2 /* PostcardTests */ = {
			isa = PBXGroup;
			children = (
				25FFB48C19CE2E0700D76AC2 /* PostcardTests.swift */,
				25FFB48A19CE2E0700D76AC2 /* Supporting Files */,
			);
			path = PostcardTests;
			sourceTree = "<group>";
		};
		25FFB48A19CE2E0700D76AC2 /* Supporting Files */ = {
			isa = PBXGroup;
			children = (
				25FFB48B19CE2E0700D76AC2 /* Info.plist */,
			);
			name = "Supporting Files";
			sourceTree = "<group>";
		};
/* End PBXGroup section */

/* Begin PBXNativeTarget section */
		25FFB47019CE2E0700D76AC2 /* Postcard */ = {
			isa = PBXNativeTarget;
			buildConfigurationList = 25FFB49019CE2E0700D76AC2 /* Build configuration list for PBXNativeTarget "Postcard" */;
			buildPhases = (
				25FFB46D19CE2E0700D76AC2 /* Sources */,
				25FFB46E19CE2E0700D76AC2 /* Frameworks */,
				25FFB46F19CE2E0700D76AC2 /* Resources */,
			);
			buildRules = (
			);
			dependencies = (
			);
			name = Postcard;
			productName = Postcard;
			productReference = 25FFB47119CE2E0700D76AC2 /* Postcard.app */;
			productType = "com.apple.product-type.application";
		};
		25FFB48519CE2E0700D76AC2 /* PostcardTests */ = {
			isa = PBXNativeTarget;
			buildConfigurationList = 25FFB49319CE2E0700D76AC2 /* Build configuration list for PBXNativeTarget "PostcardTests" */;
			buildPhases = (
				25FFB48219CE2E0700D76AC2 /* Sources */,
				25FFB48319CE2E0700D76AC2 /* Frameworks */,
				25FFB48419CE2E0700D76AC2 /* Resources */,
			);
			buildRules = (
			);
			dependencies = (
				25FFB48819CE2E0700D76AC2 /* PBXTargetDependency */,
			);
			name = PostcardTests;
			productName = PostcardTests;
			productReference = 25FFB48619CE2E0700D76AC2 /* PostcardTests.xctest */;
			productType = "com.apple.product-type.bundle.unit-test";
		};
/* End PBXNativeTarget section */

/* Begin PBXProject section */
		25FFB46919CE2E0700D76AC2 /* Project object */ = {
			isa = PBXProject;
			attributes = {
				LastUpgradeCheck = 0600;
				ORGANIZATIONNAME = davidmontz.net;
				TargetAttributes = {
					25FFB47019CE2E0700D76AC2 = {
						CreatedOnToolsVersion = 6.0.1;
					};
					25FFB48519CE2E0700D76AC2 = {
						CreatedOnToolsVersion = 6.0.1;
						TestTargetID = 25FFB47019CE2E0700D76AC2;
					};
				};
			};
			buildConfigurationList = 25FFB46C19CE2E0700D76AC2 /* Build configuration list for PBXProject "Postcard" */;
			compatibilityVersion = "Xcode 3.2";
			developmentRegion = English;
			hasScannedForEncodings = 0;
			knownRegions = (
				en,
				Base,
			);
			mainGroup = 25FFB46819CE2E0700D76AC2;
			productRefGroup = 25FFB47219CE2E0700D76AC2 /* Products */;
			projectDirPath = "";
			projectRoot = "";
			targets = (
				25FFB47019CE2E0700D76AC2 /* Postcard */,
				25FFB48519CE2E0700D76AC2 /* PostcardTests */,
			);
		};
/* End PBXProject section */

/* Begin PBXResourcesBuildPhase section */
		25FFB46F19CE2E0700D76AC2 /* Resources */ = {
			isa = PBXResourcesBuildPhase;
			buildActionMask = 2147483647;
			files = (
				25FFB47C19CE2E0700D76AC2 /* Main.storyboard in Resources */,
				25FFB48119CE2E0700D76AC2 /* LaunchScreen.xib in Resources */,
				25FFB47E19CE2E0700D76AC2 /* Images.xcassets in Resources */,
			);
			runOnlyForDeploymentPostprocessing = 0;
		};
		25FFB48419CE2E0700D76AC2 /* Resources */ = {
			isa = PBXResourcesBuildPhase;
			buildActionMask = 2147483647;
			files = (
			);
			runOnlyForDeploymentPostprocessing = 0;
		};
/* End PBXResourcesBuildPhase section */

/* Begin PBXSourcesBuildPhase section */
		25FFB46D19CE2E0700D76AC2 /* Sources */ = {
			isa = PBXSourcesBuildPhase;
			buildActionMask = 2147483647;
			files = (
				25FFB47919CE2E0700D76AC2 /* ViewController.swift in Sources */,
				25FFB47719CE2E0700D76AC2 /* AppDelegate.swift in Sources */,
			);
			runOnlyForDeploymentPostprocessing = 0;
		};
		25FFB48219CE2E0700D76AC2 /* Sources */ = {
			isa = PBXSourcesBuildPhase;
			buildActionMask = 2147483647;
			files = (
				25FFB48D19CE2E0700D76AC2 /* PostcardTests.swift in Sources */,
			);
			runOnlyForDeploymentPostprocessing = 0;
		};
/* End PBXSourcesBuildPhase section */

/* Begin PBXTargetDependency section */
		25FFB48819CE2E0700D76AC2 /* PBXTargetDependency */ = {
			isa = PBXTargetDependency;
			target = 25FFB47019CE2E0700D76AC2 /* Postcard */;
			targetProxy = 25FFB48719CE2E0700D76AC2 /* PBXContainerItemProxy */;
		};
/* End PBXTargetDependency section */

/* Begin PBXVariantGroup section */
		25FFB47A19CE2E0700D76AC2 /* Main.storyboard */ = {
			isa = PBXVariantGroup;
			children = (
				25FFB47B19CE2E0700D76AC2 /* Base */,
			);
			name = Main.storyboard;
			sourceTree = "<group>";
		};
		25FFB47F19CE2E0700D76AC2 /* LaunchScreen.xib */ = {
			isa = PBXVariantGroup;
			children = (
				25FFB48019CE2E0700D76AC2 /* Base */,
			);
			name = LaunchScreen.xib;
			sourceTree = "<group>";
		};
/* End PBXVariantGroup section */

/* Begin XCBuildConfiguration section */
		25FFB48E19CE2E0700D76AC2 /* Debug */ = {
			isa = XCBuildConfiguration;
			buildSettings = {
				ALWAYS_SEARCH_USER_PATHS = NO;
				CLANG_CXX_LANGUAGE_STANDARD = "gnu++0x";
				CLANG_CXX_LIBRARY = "libc++";
				CLANG_ENABLE_MODULES = YES;
				CLANG_ENABLE_OBJC_ARC = YES;
				CLANG_WARN_BOOL_CONVERSION = YES;
				CLANG_WARN_CONSTANT_CONVERSION = YES;
				CLANG_WARN_DIRECT_OBJC_ISA_USAGE = YES_ERROR;
				CLANG_WARN_EMPTY_BODY = YES;
				CLANG_WARN_ENUM_CONVERSION = YES;
				CLANG_WARN_INT_CONVERSION = YES;
				CLANG_WARN_OBJC_ROOT_CLASS = YES_ERROR;
				CLANG_WARN_UNREACHABLE_CODE = YES;
				CLANG_WARN__DUPLICATE_METHOD_MATCH = YES;
				"CODE_SIGN_IDENTITY[sdk=iphoneos*]" = "iPhone Developer";
				COPY_PHASE_STRIP = NO;
				ENABLE_STRICT_OBJC_MSGSEND = YES;
				GCC_C_LANGUAGE_STANDARD = gnu99;
				GCC_DYNAMIC_NO_PIC = NO;
				GCC_OPTIMIZATION_LEVEL = 0;
				GCC_PREPROCESSOR_DEFINITIONS = (
					"DEBUG=1",
					"$(inherited)",
				);
				GCC_SYMBOLS_PRIVATE_EXTERN = NO;
				GCC_WARN_64_TO_32_BIT_CONVERSION = YES;
				GCC_WARN_ABOUT_RETURN_TYPE = YES_ERROR;
				GCC_WARN_UNDECLARED_SELECTOR = YES;
				GCC_WARN_UNINITIALIZED_AUTOS = YES_AGGRESSIVE;
				GCC_WARN_UNUSED_FUNCTION = YES;
				GCC_WARN_UNUSED_VARIABLE = YES;
				IPHONEOS_DEPLOYMENT_TARGET = 8.0;
				MTL_ENABLE_DEBUG_INFO = YES;
				ONLY_ACTIVE_ARCH = YES;
				SDKROOT = iphoneos;
				SWIFT_OPTIMIZATION_LEVEL = "-Onone";
			};
			name = Debug;
		};
		25FFB48F19CE2E0700D76AC2 /* Release */ = {
			isa = XCBuildConfiguration;
			buildSettings = {
				ALWAYS_SEARCH_USER_PATHS = NO;
				CLANG_CXX_LANGUAGE_STANDARD = "gnu++0x";
				CLANG_CXX_LIBRARY = "libc++";
				CLANG_ENABLE_MODULES = YES;
				CLANG_ENABLE_OBJC_ARC = YES;
				CLANG_WARN_BOOL_CONVERSION = YES;
				CLANG_WARN_CONSTANT_CONVERSION = YES;
				CLANG_WARN_DIRECT_OBJC_ISA_USAGE = YES_ERROR;
				CLANG_WARN_EMPTY_BODY = YES;
				CLANG_WARN_ENUM_CONVERSION = YES;
				CLANG_WARN_INT_CONVERSION = YES;
				CLANG_WARN_OBJC_ROOT_CLASS = YES_ERROR;
				CLANG_WARN_UNREACHABLE_CODE = YES;
				CLANG_WARN__DUPLICATE_METHOD_MATCH = YES;
				"CODE_SIGN_IDENTITY[sdk=iphoneos*]" = "iPhone Developer";
				COPY_PHASE_STRIP = YES;
				ENABLE_NS_ASSERTIONS = NO;
				ENABLE_STRICT_OBJC_MSGSEND = YES;
				GCC_C_LANGUAGE_STANDARD = gnu99;
				GCC_WARN_64_TO_32_BIT_CONVERSION = YES;
				GCC_WARN_ABOUT_RETURN_TYPE = YES_ERROR;
				GCC_WARN_UNDECLARED_SELECTOR = YES;
				GCC_WARN_UNINITIALIZED_AUTOS = YES_AGGRESSIVE;
				GCC_WARN_UNUSED_FUNCTION = YES;
				GCC_WARN_UNUSED_VARIABLE = YES;
				IPHONEOS_DEPLOYMENT_TARGET = 8.0;
				MTL_ENABLE_DEBUG_INFO = NO;
				SDKROOT = iphoneos;
				VALIDATE_PRODUCT = YES;
			};
			name = Release;
		};
		25FFB49119CE2E0700D76AC2 /* Debug */ = {
			isa = XCBuildConfiguration;
			buildSettings = {
				ASSETCATALOG_COMPILER_APPICON_NAME = AppIcon;
				INFOPLIST_FILE = Postcard/Info.plist;
				LD_RUNPATH_SEARCH_PATHS = "$(inherited) @executable_path/Frameworks";
				PRODUCT_NAME = "$(TARGET_NAME)";
			};
			name = Debug;
		};
		25FFB49219CE2E0700D76AC2 /* Release */ = {
			isa = XCBuildConfiguration;
			buildSettings = {
				ASSETCATALOG_COMPILER_APPICON_NAME = AppIcon;
				INFOPLIST_FILE = Postcard/Info.plist;
				LD_RUNPATH_SEARCH_PATHS = "$(inherited) @executable_path/Frameworks";
				PRODUCT_NAME = "$(TARGET_NAME)";
			};
			name = Release;
		};
		25FFB49419CE2E0700D76AC2 /* Debug */ = {
			isa = XCBuildConfiguration;
			buildSettings = {
				BUNDLE_LOADER = "$(TEST_HOST)";
				FRAMEWORK_SEARCH_PATHS = (
					"$(SDKROOT)/Developer/Library/Frameworks",
					"$(inherited)",
				);
				GCC_PREPROCESSOR_DEFINITIONS = (
					"DEBUG=1",
					"$(inherited)",
				);
				INFOPLIST_FILE = PostcardTests/Info.plist;
				LD_RUNPATH_SEARCH_PATHS = "$(inherited) @executable_path/Frameworks @loader_path/Frameworks";
				PRODUCT_NAME = "$(TARGET_NAME)";
				TEST_HOST = "$(BUILT_PRODUCTS_DIR)/Postcard.app/Postcard";
			};
			name = Debug;
		};
		25FFB49519CE2E0700D76AC2 /* Release */ = {
			isa = XCBuildConfiguration;
			buildSettings = {
				BUNDLE_LOADER = "$(TEST_HOST)";
				FRAMEWORK_SEARCH_PATHS = (
					"$(SDKROOT)/Developer/Library/Frameworks",
					"$(inherited)",
				);
				INFOPLIST_FILE = PostcardTests/Info.plist;
				LD_RUNPATH_SEARCH_PATHS = "$(inherited) @executable_path/Frameworks @loader_path/Frameworks";
				PRODUCT_NAME = "$(TARGET_NAME)";
				TEST_HOST = "$(BUILT_PRODUCTS_DIR)/Postcard.app/Postcard";
			};
			name = Release;
		};
/* End XCBuildConfiguration section */

/* Begin XCConfigurationList section */
		25FFB46C19CE2E0700D76AC2 /* Build configuration list for PBXProject "Postcard" */ = {
			isa = XCConfigurationList;
			buildConfigurations = (
				25FFB48E19CE2E0700D76AC2 /* Debug */,
				25FFB48F19CE2E0700D76AC2 /* Release */,
			);
			defaultConfigurationIsVisible = 0;
			defaultConfigurationName = Release;
		};
		25FFB49019CE2E0700D76AC2 /* Build configuration list for PBXNativeTarget "Postcard" */ = {
			isa = XCConfigurationList;
			buildConfigurations = (
				25FFB49119CE2E0700D76AC2 /* Debug */,
				25FFB49219CE2E0700D76AC2 /* Release */,
			);
			defaultConfigurationIsVisible = 0;
		};
		25FFB49319CE2E0700D76AC2 /* Build configuration list for PBXNativeTarget "PostcardTests" */ = {
			isa = XCConfigurationList;
			buildConfigurations = (
				25FFB49419CE2E0700D76AC2 /* Debug */,
				25FFB49519CE2E0700D76AC2 /* Release */,
			);
			defaultConfigurationIsVisible = 0;
		};
/* End XCConfigurationList section */
	};
	rootObject = 25FFB46919CE2E0700D76AC2 /* Project object */;
}
